// !$*UTF8*$!
{
	archiveVersion = 1;
	classes = {
	};
	objectVersion = 46;
	objects = {

/* Begin PBXBuildFile section */
		6198DF0715A08C4000EC516D /* CalculatorBrain.m in Sources */ = {isa = PBXBuildFile; fileRef = 6198DF0615A08C4000EC516D /* CalculatorBrain.m */; };
		61CE6798159CE0A900248CD0 /* UIKit.framework in Frameworks */ = {isa = PBXBuildFile; fileRef = 61CE6797159CE0A900248CD0 /* UIKit.framework */; };
		61CE679A159CE0A900248CD0 /* Foundation.framework in Frameworks */ = {isa = PBXBuildFile; fileRef = 61CE6799159CE0A900248CD0 /* Foundation.framework */; };
		61CE679C159CE0A900248CD0 /* CoreGraphics.framework in Frameworks */ = {isa = PBXBuildFile; fileRef = 61CE679B159CE0A900248CD0 /* CoreGraphics.framework */; };
		61CE67A2159CE0A900248CD0 /* InfoPlist.strings in Resources */ = {isa = PBXBuildFile; fileRef = 61CE67A0159CE0A900248CD0 /* InfoPlist.strings */; };
		61CE67A4159CE0A900248CD0 /* main.m in Sources */ = {isa = PBXBuildFile; fileRef = 61CE67A3159CE0A900248CD0 /* main.m */; };
		61CE67A8159CE0A900248CD0 /* CalculatorAppDelegate.m in Sources */ = {isa = PBXBuildFile; fileRef = 61CE67A7159CE0A900248CD0 /* CalculatorAppDelegate.m */; };
		61CE67AB159CE0A900248CD0 /* MainStoryboard.storyboard in Resources */ = {isa = PBXBuildFile; fileRef = 61CE67A9159CE0A900248CD0 /* MainStoryboard.storyboard */; };
		61CE67AE159CE0A900248CD0 /* CalculatorViewController.m in Sources */ = {isa = PBXBuildFile; fileRef = 61CE67AD159CE0A900248CD0 /* CalculatorViewController.m */; };
/* End PBXBuildFile section */

/* Begin PBXFileReference section */
		6198DF0515A08C4000EC516D /* CalculatorBrain.h */ = {isa = PBXFileReference; fileEncoding = 4; lastKnownFileType = sourcecode.c.h; path = CalculatorBrain.h; sourceTree = "<group>"; };
		6198DF0615A08C4000EC516D /* CalculatorBrain.m */ = {isa = PBXFileReference; fileEncoding = 4; lastKnownFileType = sourcecode.c.objc; path = CalculatorBrain.m; sourceTree = "<group>"; };
		61CE6793159CE0A900248CD0 /* Calculator.app */ = {isa = PBXFileReference; explicitFileType = wrapper.application; includeInIndex = 0; path = Calculator.app; sourceTree = BUILT_PRODUCTS_DIR; };
		61CE6797159CE0A900248CD0 /* UIKit.framework */ = {isa = PBXFileReference; lastKnownFileType = wrapper.framework; name = UIKit.framework; path = System/Library/Frameworks/UIKit.framework; sourceTree = SDKROOT; };
		61CE6799159CE0A900248CD0 /* Foundation.framework */ = {isa = PBXFileReference; lastKnownFileType = wrapper.framework; name = Foundation.framework; path = System/Library/Frameworks/Foundation.framework; sourceTree = SDKROOT; };
		61CE679B159CE0A900248CD0 /* CoreGraphics.framework */ = {isa = PBXFileReference; lastKnownFileType = wrapper.framework; name = CoreGraphics.framework; path = System/Library/Frameworks/CoreGraphics.framework; sourceTree = SDKROOT; };
		61CE679F159CE0A900248CD0 /* Calculator-Info.plist */ = {isa = PBXFileReference; lastKnownFileType = text.plist.xml; path = "Calculator-Info.plist"; sourceTree = "<group>"; };
		61CE67A1159CE0A900248CD0 /* en */ = {isa = PBXFileReference; lastKnownFileType = text.plist.strings; name = en; path = en.lproj/InfoPlist.strings; sourceTree = "<group>"; };
		61CE67A3159CE0A900248CD0 /* main.m */ = {isa = PBXFileReference; lastKnownFileType = sourcecode.c.objc; path = main.m; sourceTree = "<group>"; };
		61CE67A5159CE0A900248CD0 /* Calculator-Prefix.pch */ = {isa = PBXFileReference; lastKnownFileType = sourcecode.c.h; path = "Calculator-Prefix.pch"; sourceTree = "<group>"; };
		61CE67A6159CE0A900248CD0 /* CalculatorAppDelegate.h */ = {isa = PBXFileReference; lastKnownFileType = sourcecode.c.h; path = CalculatorAppDelegate.h; sourceTree = "<group>"; };
		61CE67A7159CE0A900248CD0 /* CalculatorAppDelegate.m */ = {isa = PBXFileReference; lastKnownFileType = sourcecode.c.objc; path = CalculatorAppDelegate.m; sourceTree = "<group>"; };
		61CE67AA159CE0A900248CD0 /* en */ = {isa = PBXFileReference; lastKnownFileType = file.storyboard; name = en; path = en.lproj/MainStoryboard.storyboard; sourceTree = "<group>"; };
		61CE67AC159CE0A900248CD0 /* CalculatorViewController.h */ = {isa = PBXFileReference; lastKnownFileType = sourcecode.c.h; path = CalculatorViewController.h; sourceTree = "<group>"; };
		61CE67AD159CE0A900248CD0 /* CalculatorViewController.m */ = {isa = PBXFileReference; lastKnownFileType = sourcecode.c.objc; path = CalculatorViewController.m; sourceTree = "<group>"; };
/* End PBXFileReference section */

/* Begin PBXFrameworksBuildPhase section */
		61CE6790159CE0A900248CD0 /* Frameworks */ = {
			isa = PBXFrameworksBuildPhase;
			buildActionMask = 2147483647;
			files = (
				61CE6798159CE0A900248CD0 /* UIKit.framework in Frameworks */,
				61CE679A159CE0A900248CD0 /* Foundation.framework in Frameworks */,
				61CE679C159CE0A900248CD0 /* CoreGraphics.framework in Frameworks */,
			);
			runOnlyForDeploymentPostprocessing = 0;
		};
/* End PBXFrameworksBuildPhase section */

/* Begin PBXGroup section */
		61CE6788159CE0A900248CD0 = {
			isa = PBXGroup;
			children = (
				61CE679D159CE0A900248CD0 /* Calculator */,
				61CE6796159CE0A900248CD0 /* Frameworks */,
				61CE6794159CE0A900248CD0 /* Products */,
			);
			sourceTree = "<group>";
		};
		61CE6794159CE0A900248CD0 /* Products */ = {
			isa = PBXGroup;
			children = (
				61CE6793159CE0A900248CD0 /* Calculator.app */,
			);
			name = Products;
			sourceTree = "<group>";
		};
		61CE6796159CE0A900248CD0 /* Frameworks */ = {
			isa = PBXGroup;
			children = (
				61CE6797159CE0A900248CD0 /* UIKit.framework */,
				61CE6799159CE0A900248CD0 /* Foundation.framework */,
				61CE679B159CE0A900248CD0 /* CoreGraphics.framework */,
			);
			name = Frameworks;
			sourceTree = "<group>";
		};
		61CE679D159CE0A900248CD0 /* Calculator */ = {
			isa = PBXGroup;
			children = (
				61CE67A6159CE0A900248CD0 /* CalculatorAppDelegate.h */,
				61CE67A7159CE0A900248CD0 /* CalculatorAppDelegate.m */,
				61CE67A9159CE0A900248CD0 /* MainStoryboard.storyboard */,
				61CE67AC159CE0A900248CD0 /* CalculatorViewController.h */,
				6198DF0515A08C4000EC516D /* CalculatorBrain.h */,
				6198DF0615A08C4000EC516D /* CalculatorBrain.m */,
				61CE67AD159CE0A900248CD0 /* CalculatorViewController.m */,
				61CE679E159CE0A900248CD0 /* Supporting Files */,
			);
			path = Calculator;
			sourceTree = "<group>";
		};
		61CE679E159CE0A900248CD0 /* Supporting Files */ = {
			isa = PBXGroup;
			children = (
				61CE679F159CE0A900248CD0 /* Calculator-Info.plist */,
				61CE67A0159CE0A900248CD0 /* InfoPlist.strings */,
				61CE67A3159CE0A900248CD0 /* main.m */,
				61CE67A5159CE0A900248CD0 /* Calculator-Prefix.pch */,
			);
			name = "Supporting Files";
			sourceTree = "<group>";
		};
/* End PBXGroup section */

/* Begin PBXNativeTarget section */
		61CE6792159CE0A900248CD0 /* Calculator */ = {
			isa = PBXNativeTarget;
			buildConfigurationList = 61CE67B1159CE0A900248CD0 /* Build configuration list for PBXNativeTarget "Calculator" */;
			buildPhases = (
				61CE678F159CE0A900248CD0 /* Sources */,
				61CE6790159CE0A900248CD0 /* Frameworks */,
				61CE6791159CE0A900248CD0 /* Resources */,
			);
			buildRules = (
			);
			dependencies = (
			);
			name = Calculator;
			productName = Calculator;
			productReference = 61CE6793159CE0A900248CD0 /* Calculator.app */;
			productType = "com.apple.product-type.application";
		};
/* End PBXNativeTarget section */

/* Begin PBXProject section */
		61CE678A159CE0A900248CD0 /* Project object */ = {
			isa = PBXProject;
			attributes = {
				CLASSPREFIX = Calculator;
				LastUpgradeCheck = 0430;
			};
			buildConfigurationList = 61CE678D159CE0A900248CD0 /* Build configuration list for PBXProject "Calculator" */;
			compatibilityVersion = "Xcode 3.2";
			developmentRegion = English;
			hasScannedForEncodings = 0;
			knownRegions = (
				en,
			);
			mainGroup = 61CE6788159CE0A900248CD0;
			productRefGroup = 61CE6794159CE0A900248CD0 /* Products */;
			projectDirPath = "";
			projectRoot = "";
			targets = (
				61CE6792159CE0A900248CD0 /* Calculator */,
			);
		};
/* End PBXProject section */

/* Begin PBXResourcesBuildPhase section */
		61CE6791159CE0A900248CD0 /* Resources */ = {
			isa = PBXResourcesBuildPhase;
			buildActionMask = 2147483647;
			files = (
				61CE67A2159CE0A900248CD0 /* InfoPlist.strings in Resources */,
				61CE67AB159CE0A900248CD0 /* MainStoryboard.storyboard in Resources */,
			);
			runOnlyForDeploymentPostprocessing = 0;
		};
/* End PBXResourcesBuildPhase section */

/* Begin PBXSourcesBuildPhase section */
		61CE678F159CE0A900248CD0 /* Sources */ = {
			isa = PBXSourcesBuildPhase;
			buildActionMask = 2147483647;
			files = (
				61CE67A4159CE0A900248CD0 /* main.m in Sources */,
				61CE67A8159CE0A900248CD0 /* CalculatorAppDelegate.m in Sources */,
				61CE67AE159CE0A900248CD0 /* CalculatorViewController.m in Sources */,
				6198DF0715A08C4000EC516D /* CalculatorBrain.m in Sources */,
			);
			runOnlyForDeploymentPostprocessing = 0;
		};
/* End PBXSourcesBuildPhase section */

/* Begin PBXVariantGroup section */
		61CE67A0159CE0A900248CD0 /* InfoPlist.strings */ = {
			isa = PBXVariantGroup;
			children = (
				61CE67A1159CE0A900248CD0 /* en */,
			);
			name = InfoPlist.strings;
			sourceTree = "<group>";
		};
		61CE67A9159CE0A900248CD0 /* MainStoryboard.storyboard */ = {
			isa = PBXVariantGroup;
			children = (
				61CE67AA159CE0A900248CD0 /* en */,
			);
			name = MainStoryboard.storyboard;
			sourceTree = "<group>";
		};
/* End PBXVariantGroup section */

/* Begin XCBuildConfiguration section */
		61CE67AF159CE0A900248CD0 /* Debug */ = {
			isa = XCBuildConfiguration;
			buildSettings = {
				ALWAYS_SEARCH_USER_PATHS = NO;
				ARCHS = "$(ARCHS_STANDARD_32_BIT)";
				CLANG_ENABLE_OBJC_ARC = YES;
				"CODE_SIGN_IDENTITY[sdk=iphoneos*]" = "iPhone Developer";
				COPY_PHASE_STRIP = NO;
				GCC_C_LANGUAGE_STANDARD = gnu99;
				GCC_DYNAMIC_NO_PIC = NO;
				GCC_OPTIMIZATION_LEVEL = 0;
				GCC_PREPROCESSOR_DEFINITIONS = (
					"DEBUG=1",
					"$(inherited)",
				);
				GCC_SYMBOLS_PRIVATE_EXTERN = NO;
				GCC_VERSION = com.apple.compilers.llvm.clang.1_0;
				GCC_WARN_ABOUT_RETURN_TYPE = YES;
				GCC_WARN_UNINITIALIZED_AUTOS = YES;
				GCC_WARN_UNUSED_VARIABLE = YES;
				IPHONEOS_DEPLOYMENT_TARGET = 5.1;
				SDKROOT = iphoneos;
			};
			name = Debug;
		};
		61CE67B0159CE0A900248CD0 /* Release */ = {
			isa = XCBuildConfiguration;
			buildSettings = {
				ALWAYS_SEARCH_USER_PATHS = NO;
				ARCHS = "$(ARCHS_STANDARD_32_BIT)";
				CLANG_ENABLE_OBJC_ARC = YES;
				"CODE_SIGN_IDENTITY[sdk=iphoneos*]" = "iPhone Developer";
				COPY_PHASE_STRIP = YES;
				GCC_C_LANGUAGE_STANDARD = gnu99;
				GCC_VERSION = com.apple.compilers.llvm.clang.1_0;
				GCC_WARN_ABOUT_RETURN_TYPE = YES;
				GCC_WARN_UNINITIALIZED_AUTOS = YES;
				GCC_WARN_UNUSED_VARIABLE = YES;
				IPHONEOS_DEPLOYMENT_TARGET = 5.1;
				OTHER_CFLAGS = "-DNS_BLOCK_ASSERTIONS=1";
				SDKROOT = iphoneos;
				VALIDATE_PRODUCT = YES;
			};
			name = Release;
		};
		61CE67B2159CE0A900248CD0 /* Debug */ = {
			isa = XCBuildConfiguration;
			buildSettings = {
				GCC_PRECOMPILE_PREFIX_HEADER = YES;
				GCC_PREFIX_HEADER = "Calculator/Calculator-Prefix.pch";
				INFOPLIST_FILE = "Calculator/Calculator-Info.plist";
				PRODUCT_NAME = "$(TARGET_NAME)";
				WRAPPER_EXTENSION = app;
			};
			name = Debug;
		};
		61CE67B3159CE0A900248CD0 /* Release */ = {
			isa = XCBuildConfiguration;
			buildSettings = {
				GCC_PRECOMPILE_PREFIX_HEADER = YES;
				GCC_PREFIX_HEADER = "Calculator/Calculator-Prefix.pch";
				INFOPLIST_FILE = "Calculator/Calculator-Info.plist";
				PRODUCT_NAME = "$(TARGET_NAME)";
				WRAPPER_EXTENSION = app;
			};
			name = Release;
		};
/* End XCBuildConfiguration section */

/* Begin XCConfigurationList section */
		61CE678D159CE0A900248CD0 /* Build configuration list for PBXProject "Calculator" */ = {
			isa = XCConfigurationList;
			buildConfigurations = (
				61CE67AF159CE0A900248CD0 /* Debug */,
				61CE67B0159CE0A900248CD0 /* Release */,
			);
			defaultConfigurationIsVisible = 0;
			defaultConfigurationName = Release;
		};
		61CE67B1159CE0A900248CD0 /* Build configuration list for PBXNativeTarget "Calculator" */ = {
			isa = XCConfigurationList;
			buildConfigurations = (
				61CE67B2159CE0A900248CD0 /* Debug */,
				61CE67B3159CE0A900248CD0 /* Release */,
			);
			defaultConfigurationIsVisible = 0;
			defaultConfigurationName = Release;
		};
/* End XCConfigurationList section */
	};
	rootObject = 61CE678A159CE0A900248CD0 /* Project object */;
}
